# THIS IS AN AUTOGENERATED FILE. DO NOT EDIT THIS FILE DIRECTLY.
# yarn lockfile v1


"@rudy3091/railway@^0.0.5":
  version "0.0.5"
  resolved "https://registry.yarnpkg.com/@rudy3091/railway/-/railway-0.0.5.tgz#b5148b9314f345559462043344c66162ecfa45aa"
  integrity sha512-bSD4Y6P9B6TZQxBoYkukyf5UYwSJyWuFg4OmTb1KyCJPWJWJeRYK50olH4TrmwZ5MjPGys5wZn29Qmr3A9sxsg==

typescript@^4.9.3:
  version "4.9.3"
  resolved "https://registry.yarnpkg.com/typescript/-/typescript-4.9.3.tgz#3aea307c1746b8c384435d8ac36b8a2e580d85db"
  integrity sha512-CIfGzTelbKNEnLpLdGFgdyKhG23CKdKgQPOBc+OUNrkJ2vr+KSzsSV5kq5iWhEQbok+quxgGzrAtGWCyU7tHnA==
